
Microsoft Visual Studio Solution File, Format Version 12.00
# Visual Studio Version 17
VisualStudioVersion = 17.7.34031.279
MinimumVisualStudioVersion = 10.0.40219.1
Project("{FAE04EC0-301F-11D3-BF4B-00C04F79EFBC}") = "vizegorselsinavi22", "vizegorselsinavi22\vizegorselsinavi22.csproj", "{753B2C68-9D13-4B93-BBDF-1833BCA3CECF}"
EndProject
Global
	GlobalSection(SolutionConfigurationPlatforms) = preSolution
		Debug|Any CPU = Debug|Any CPU
		Release|Any CPU = Release|Any CPU
	EndGlobalSection
	GlobalSection(ProjectConfigurationPlatforms) = postSolution
		{753B2C68-9D13-4B93-BBDF-1833BCA3CECF}.Debug|Any CPU.ActiveCfg = Debug|Any CPU
		{753B2C68-9D13-4B93-BBDF-1833BCA3CECF}.Debug|Any CPU.Build.0 = Debug|Any CPU
		{753B2C68-9D13-4B93-BBDF-1833BCA3CECF}.Release|Any CPU.ActiveCfg = Release|Any CPU
		{753B2C68-9D13-4B93-BBDF-1833BCA3CECF}.Release|Any CPU.Build.0 = Release|Any CPU
	EndGlobalSection
	GlobalSection(SolutionProperties) = preSolution
		HideSolutionNode = FALSE
	EndGlobalSection
	GlobalSection(ExtensibilityGlobals) = postSolution
		SolutionGuid = {EB6BACF4-98E7-4A67-8842-E5BC9047873F}
	EndGlobalSection
EndGlobal
